// !$*UTF8*$!
{
	archiveVersion = 1;
	classes = {
	};
	objectVersion = 56;
	objects = {

/* Begin PBXBuildFile section */
		E133EC9A2AA4BFF1003059F5 /* WorkflowsAppMain.swift in Sources */ = {isa = PBXBuildFile; fileRef = E133EC992AA4BFF1003059F5 /* WorkflowsAppMain.swift */; };
		E133EC9E2AA4BFF4003059F5 /* Assets.xcassets in Resources */ = {isa = PBXBuildFile; fileRef = E133EC9D2AA4BFF4003059F5 /* Assets.xcassets */; };
		E133ECAA2AA4C6AE003059F5 /* WorkflowsApp in Frameworks */ = {isa = PBXBuildFile; productRef = E133ECA92AA4C6AE003059F5 /* WorkflowsApp */; };
		E1B9C7962A8AB97F00CA22DF /* OAuthHelperMain.swift in Sources */ = {isa = PBXBuildFile; fileRef = E1B9C7952A8AB97F00CA22DF /* OAuthHelperMain.swift */; };
		E1B9C7992A8AB9C300CA22DF /* OAuthHelperApp in Frameworks */ = {isa = PBXBuildFile; productRef = E1B9C7982A8AB9C300CA22DF /* OAuthHelperApp */; };
/* End PBXBuildFile section */

/* Begin PBXFileReference section */
		630A76872A6B1BFA0038E21A /* Prelude */ = {isa = PBXFileReference; lastKnownFileType = wrapper; path = Prelude; sourceTree = "<group>"; };
		63322F1A2A7512CF002CBC8C /* Git */ = {isa = PBXFileReference; lastKnownFileType = wrapper; path = Git; sourceTree = "<group>"; };
		637C31762AE7011A0091EAC3 /* FileSystem */ = {isa = PBXFileReference; lastKnownFileType = wrapper; path = FileSystem; sourceTree = "<group>"; };
		639C5FA32A6B228F00896922 /* AllTests.xctestplan */ = {isa = PBXFileReference; lastKnownFileType = text; path = AllTests.xctestplan; sourceTree = "<group>"; };
		63A3111B2A877DE500A9642E /* Figma */ = {isa = PBXFileReference; lastKnownFileType = wrapper; path = Figma; sourceTree = "<group>"; };
		63A971A12A6C202200A4EF8B /* GitHub */ = {isa = PBXFileReference; lastKnownFileType = wrapper; path = GitHub; sourceTree = "<group>"; };
		63A971A22A6EFB4400A4EF8B /* SecureStorage */ = {isa = PBXFileReference; lastKnownFileType = wrapper; path = SecureStorage; sourceTree = "<group>"; };
		63B0C3802B23205E0049A39B /* Workflow */ = {isa = PBXFileReference; lastKnownFileType = wrapper; path = Workflow; sourceTree = "<group>"; };
		63C497F72A7187AA0081CA41 /* Jira */ = {isa = PBXFileReference; lastKnownFileType = wrapper; path = Jira; sourceTree = "<group>"; };
		63C498132A7442900081CA41 /* Executable */ = {isa = PBXFileReference; lastKnownFileType = wrapper; path = Executable; sourceTree = "<group>"; };
		63C94D2C2A6B1B3B009AC8E4 /* RestClient */ = {isa = PBXFileReference; lastKnownFileType = wrapper; path = RestClient; sourceTree = "<group>"; };
		E133EC972AA4BFF1003059F5 /* Workflows.app */ = {isa = PBXFileReference; explicitFileType = wrapper.application; includeInIndex = 0; path = Workflows.app; sourceTree = BUILT_PRODUCTS_DIR; };
		E133EC992AA4BFF1003059F5 /* WorkflowsAppMain.swift */ = {isa = PBXFileReference; lastKnownFileType = sourcecode.swift; path = WorkflowsAppMain.swift; sourceTree = "<group>"; };
		E133EC9D2AA4BFF4003059F5 /* Assets.xcassets */ = {isa = PBXFileReference; lastKnownFileType = folder.assetcatalog; path = Assets.xcassets; sourceTree = "<group>"; };
		E133ECA22AA4BFF4003059F5 /* Workflows.entitlements */ = {isa = PBXFileReference; lastKnownFileType = text.plist.entitlements; path = Workflows.entitlements; sourceTree = "<group>"; };
		E133ECA72AA4C5CF003059F5 /* WorkflowsApp */ = {isa = PBXFileReference; lastKnownFileType = wrapper; path = WorkflowsApp; sourceTree = "<group>"; };
		E18E81AD2A90032A00D4055D /* GoogleCloud */ = {isa = PBXFileReference; lastKnownFileType = text; path = GoogleCloud; sourceTree = SOURCE_ROOT; };
		E18EAAEA2A8A65E6009C6AE5 /* DebugApp */ = {isa = PBXFileReference; lastKnownFileType = wrapper; path = DebugApp; sourceTree = "<group>"; };
		E1A0DA8F2AB5D1B500AFA750 /* UI */ = {isa = PBXFileReference; lastKnownFileType = wrapper; path = UI; sourceTree = "<group>"; };
		E1B9C7822A8AB67300CA22DF /* OAuthHelper.app */ = {isa = PBXFileReference; explicitFileType = wrapper.application; includeInIndex = 0; path = OAuthHelper.app; sourceTree = BUILT_PRODUCTS_DIR; };
		E1B9C7942A8AB8F000CA22DF /* OAuthHelperApp */ = {isa = PBXFileReference; lastKnownFileType = wrapper; path = OAuthHelperApp; sourceTree = "<group>"; };
		E1B9C7952A8AB97F00CA22DF /* OAuthHelperMain.swift */ = {isa = PBXFileReference; lastKnownFileType = sourcecode.swift; path = OAuthHelperMain.swift; sourceTree = "<group>"; };
		E1B9C7B52A8ABB0600CA22DF /* OAuthHelper.entitlements */ = {isa = PBXFileReference; fileEncoding = 4; lastKnownFileType = text.plist.entitlements; path = OAuthHelper.entitlements; sourceTree = "<group>"; };
		E1C82DF62AC165A80047EA75 /* TestsPrelude */ = {isa = PBXFileReference; lastKnownFileType = wrapper; path = TestsPrelude; sourceTree = "<group>"; };
		E1CCAE162A8B4BDA0035FEF7 /* OAuthHelper-Info.plist */ = {isa = PBXFileReference; lastKnownFileType = text.plist.xml; path = "OAuthHelper-Info.plist"; sourceTree = "<group>"; };
		E1E52A642A9D3A390088E996 /* LocalStorage */ = {isa = PBXFileReference; lastKnownFileType = wrapper; path = LocalStorage; sourceTree = "<group>"; };
		E1E52A652A9D4F4F0088E996 /* HeadHunter */ = {isa = PBXFileReference; lastKnownFileType = wrapper; path = HeadHunter; sourceTree = "<group>"; };
/* End PBXFileReference section */

/* Begin PBXFrameworksBuildPhase section */
		E133EC942AA4BFF1003059F5 /* Frameworks */ = {
			isa = PBXFrameworksBuildPhase;
			buildActionMask = 2147483647;
			files = (
				E133ECAA2AA4C6AE003059F5 /* WorkflowsApp in Frameworks */,
			);
			runOnlyForDeploymentPostprocessing = 0;
		};
		E1B9C77F2A8AB67300CA22DF /* Frameworks */ = {
			isa = PBXFrameworksBuildPhase;
			buildActionMask = 2147483647;
			files = (
				E1B9C7992A8AB9C300CA22DF /* OAuthHelperApp in Frameworks */,
			);
			runOnlyForDeploymentPostprocessing = 0;
		};
/* End PBXFrameworksBuildPhase section */

/* Begin PBXGroup section */
		631006B52A6F153B00C8B1B6 /* System */ = {
			isa = PBXGroup;
			children = (
				637C31762AE7011A0091EAC3 /* FileSystem */,
				E1E52A642A9D3A390088E996 /* LocalStorage */,
				63322F1A2A7512CF002CBC8C /* Git */,
				63C498132A7442900081CA41 /* Executable */,
				63A971A22A6EFB4400A4EF8B /* SecureStorage */,
			);
			path = System;
			sourceTree = "<group>";
		};
		639C5FA02A6B1EB200896922 /* Apps */ = {
			isa = PBXGroup;
			children = (
				E1DFCECD2A9BBFAB0096D404 /* Common */,
				E133EC922AA4BD30003059F5 /* Workflows */,
				E1B9C7922A8AB69E00CA22DF /* OAuthHelper */,
				E1B9C7912A8AB68300CA22DF /* Debug */,
			);
			path = Apps;
			sourceTree = "<group>";
		};
		639C5FA22A6B224800896922 /* Misc */ = {
			isa = PBXGroup;
			children = (
				639C5FA42A6B229200896922 /* TestPlans */,
			);
			path = Misc;
			sourceTree = "<group>";
		};
		639C5FA42A6B229200896922 /* TestPlans */ = {
			isa = PBXGroup;
			children = (
				639C5FA32A6B228F00896922 /* AllTests.xctestplan */,
			);
			path = TestPlans;
			sourceTree = "<group>";
		};
		639C5FAA2A6B237200896922 /* Products */ = {
			isa = PBXGroup;
			children = (
				E1B9C7822A8AB67300CA22DF /* OAuthHelper.app */,
				E133EC972AA4BFF1003059F5 /* Workflows.app */,
			);
			name = Products;
			sourceTree = "<group>";
		};
		63A9719F2A6C121C00A4EF8B /* Services */ = {
			isa = PBXGroup;
			children = (
				E18E81AD2A90032A00D4055D /* GoogleCloud */,
				63A3111B2A877DE500A9642E /* Figma */,
				63C497F72A7187AA0081CA41 /* Jira */,
				63A971A12A6C202200A4EF8B /* GitHub */,
			);
			path = Services;
			sourceTree = "<group>";
		};
		63C94D2B2A6B1AFE009AC8E4 /* Core */ = {
			isa = PBXGroup;
			children = (
				E1C82DF62AC165A80047EA75 /* TestsPrelude */,
				630A76872A6B1BFA0038E21A /* Prelude */,
				63C94D2C2A6B1B3B009AC8E4 /* RestClient */,
			);
			path = Core;
			sourceTree = "<group>";
		};
		63F0EE632A6B1AD80010CBAE = {
			isa = PBXGroup;
			children = (
				63C94D2B2A6B1AFE009AC8E4 /* Core */,
				631006B52A6F153B00C8B1B6 /* System */,
				63A9719F2A6C121C00A4EF8B /* Services */,
				E18EAAEB2A8A6738009C6AE5 /* Workflows */,
				639C5FA02A6B1EB200896922 /* Apps */,
				639C5FA22A6B224800896922 /* Misc */,
				639C5FAA2A6B237200896922 /* Products */,
				E133ECA82AA4C6AE003059F5 /* Frameworks */,
			);
			sourceTree = "<group>";
		};
		E133EC922AA4BD30003059F5 /* Workflows */ = {
			isa = PBXGroup;
			children = (
				E133ECA72AA4C5CF003059F5 /* WorkflowsApp */,
				E133EC992AA4BFF1003059F5 /* WorkflowsAppMain.swift */,
				E133EC9D2AA4BFF4003059F5 /* Assets.xcassets */,
				E133ECA22AA4BFF4003059F5 /* Workflows.entitlements */,
			);
			path = Workflows;
			sourceTree = "<group>";
		};
		E133ECA82AA4C6AE003059F5 /* Frameworks */ = {
			isa = PBXGroup;
			children = (
			);
			name = Frameworks;
			sourceTree = "<group>";
		};
		E18EAAEB2A8A6738009C6AE5 /* Workflows */ = {
			isa = PBXGroup;
			children = (
				63B0C3802B23205E0049A39B /* Workflow */,
				E1E52A652A9D4F4F0088E996 /* HeadHunter */,
			);
			path = Workflows;
			sourceTree = "<group>";
		};
		E1B9C7912A8AB68300CA22DF /* Debug */ = {
			isa = PBXGroup;
			children = (
				E18EAAEA2A8A65E6009C6AE5 /* DebugApp */,
			);
			path = Debug;
			sourceTree = "<group>";
		};
		E1B9C7922A8AB69E00CA22DF /* OAuthHelper */ = {
			isa = PBXGroup;
			children = (
				E1B9C7942A8AB8F000CA22DF /* OAuthHelperApp */,
				E1CCAE162A8B4BDA0035FEF7 /* OAuthHelper-Info.plist */,
				E1B9C7B52A8ABB0600CA22DF /* OAuthHelper.entitlements */,
				E1B9C7952A8AB97F00CA22DF /* OAuthHelperMain.swift */,
			);
			path = OAuthHelper;
			sourceTree = "<group>";
		};
		E1DFCECD2A9BBFAB0096D404 /* Common */ = {
			isa = PBXGroup;
			children = (
				E1A0DA8F2AB5D1B500AFA750 /* UI */,
			);
			path = Common;
			sourceTree = "<group>";
		};
/* End PBXGroup section */

/* Begin PBXNativeTarget section */
		E133EC962AA4BFF1003059F5 /* Workflows */ = {
			isa = PBXNativeTarget;
			buildConfigurationList = E133ECA32AA4BFF4003059F5 /* Build configuration list for PBXNativeTarget "Workflows" */;
			buildPhases = (
				E133EC932AA4BFF1003059F5 /* Sources */,
				E133EC942AA4BFF1003059F5 /* Frameworks */,
				E133EC952AA4BFF1003059F5 /* Resources */,
			);
			buildRules = (
			);
			dependencies = (
			);
			name = Workflows;
			packageProductDependencies = (
				E133ECA92AA4C6AE003059F5 /* WorkflowsApp */,
			);
			productName = Workflows;
			productReference = E133EC972AA4BFF1003059F5 /* Workflows.app */;
			productType = "com.apple.product-type.application";
		};
		E1B9C7812A8AB67300CA22DF /* OAuthHelper */ = {
			isa = PBXNativeTarget;
			buildConfigurationList = E1B9C78E2A8AB67500CA22DF /* Build configuration list for PBXNativeTarget "OAuthHelper" */;
			buildPhases = (
				E1B9C77E2A8AB67300CA22DF /* Sources */,
				E1B9C77F2A8AB67300CA22DF /* Frameworks */,
				E1B9C7802A8AB67300CA22DF /* Resources */,
			);
			buildRules = (
			);
			dependencies = (
			);
			name = OAuthHelper;
			packageProductDependencies = (
				E1B9C7982A8AB9C300CA22DF /* OAuthHelperApp */,
			);
			productName = OAuthHelper;
			productReference = E1B9C7822A8AB67300CA22DF /* OAuthHelper.app */;
			productType = "com.apple.product-type.application";
		};
/* End PBXNativeTarget section */

/* Begin PBXProject section */
		63F0EE642A6B1AD80010CBAE /* Project object */ = {
			isa = PBXProject;
			attributes = {
				BuildIndependentTargetsInParallel = 1;
				LastSwiftUpdateCheck = 1500;
				LastUpgradeCheck = 1500;
				TargetAttributes = {
					E133EC962AA4BFF1003059F5 = {
						CreatedOnToolsVersion = 15.0;
					};
					E1B9C7812A8AB67300CA22DF = {
						CreatedOnToolsVersion = 15.0;
						LastSwiftMigration = 1500;
					};
				};
			};
			buildConfigurationList = 63F0EE672A6B1AD80010CBAE /* Build configuration list for PBXProject "Workflows" */;
			compatibilityVersion = "Xcode 14.0";
			developmentRegion = en;
			hasScannedForEncodings = 0;
			knownRegions = (
				en,
				Base,
			);
			mainGroup = 63F0EE632A6B1AD80010CBAE;
			productRefGroup = 639C5FAA2A6B237200896922 /* Products */;
			projectDirPath = "";
			projectRoot = "";
			targets = (
				E1B9C7812A8AB67300CA22DF /* OAuthHelper */,
				E133EC962AA4BFF1003059F5 /* Workflows */,
			);
		};
/* End PBXProject section */

/* Begin PBXResourcesBuildPhase section */
		E133EC952AA4BFF1003059F5 /* Resources */ = {
			isa = PBXResourcesBuildPhase;
			buildActionMask = 2147483647;
			files = (
				E133EC9E2AA4BFF4003059F5 /* Assets.xcassets in Resources */,
			);
			runOnlyForDeploymentPostprocessing = 0;
		};
		E1B9C7802A8AB67300CA22DF /* Resources */ = {
			isa = PBXResourcesBuildPhase;
			buildActionMask = 2147483647;
			files = (
			);
			runOnlyForDeploymentPostprocessing = 0;
		};
/* End PBXResourcesBuildPhase section */

/* Begin PBXSourcesBuildPhase section */
		E133EC932AA4BFF1003059F5 /* Sources */ = {
			isa = PBXSourcesBuildPhase;
			buildActionMask = 2147483647;
			files = (
				E133EC9A2AA4BFF1003059F5 /* WorkflowsAppMain.swift in Sources */,
			);
			runOnlyForDeploymentPostprocessing = 0;
		};
		E1B9C77E2A8AB67300CA22DF /* Sources */ = {
			isa = PBXSourcesBuildPhase;
			buildActionMask = 2147483647;
			files = (
				E1B9C7962A8AB97F00CA22DF /* OAuthHelperMain.swift in Sources */,
			);
			runOnlyForDeploymentPostprocessing = 0;
		};
/* End PBXSourcesBuildPhase section */

/* Begin XCBuildConfiguration section */
		63F0EE682A6B1AD80010CBAE /* Debug */ = {
			isa = XCBuildConfiguration;
			buildSettings = {
			};
			name = Debug;
		};
		63F0EE692A6B1AD80010CBAE /* Release */ = {
			isa = XCBuildConfiguration;
			buildSettings = {
			};
			name = Release;
		};
		E133ECA42AA4BFF4003059F5 /* Debug */ = {
			isa = XCBuildConfiguration;
			buildSettings = {
				ALWAYS_SEARCH_USER_PATHS = NO;
				ASSETCATALOG_COMPILER_APPICON_NAME = AppIcon;
				ASSETCATALOG_COMPILER_GENERATE_SWIFT_ASSET_SYMBOL_EXTENSIONS = YES;
				ASSETCATALOG_COMPILER_GLOBAL_ACCENT_COLOR_NAME = AccentColor;
				CLANG_ANALYZER_NONNULL = YES;
				CLANG_ANALYZER_NUMBER_OBJECT_CONVERSION = YES_AGGRESSIVE;
				CLANG_CXX_LANGUAGE_STANDARD = "gnu++20";
				CLANG_ENABLE_MODULES = YES;
				CLANG_ENABLE_OBJC_ARC = YES;
				CLANG_ENABLE_OBJC_WEAK = YES;
				CLANG_WARN_BLOCK_CAPTURE_AUTORELEASING = YES;
				CLANG_WARN_BOOL_CONVERSION = YES;
				CLANG_WARN_COMMA = YES;
				CLANG_WARN_CONSTANT_CONVERSION = YES;
				CLANG_WARN_DEPRECATED_OBJC_IMPLEMENTATIONS = YES;
				CLANG_WARN_DIRECT_OBJC_ISA_USAGE = YES_ERROR;
				CLANG_WARN_DOCUMENTATION_COMMENTS = YES;
				CLANG_WARN_EMPTY_BODY = YES;
				CLANG_WARN_ENUM_CONVERSION = YES;
				CLANG_WARN_INFINITE_RECURSION = YES;
				CLANG_WARN_INT_CONVERSION = YES;
				CLANG_WARN_NON_LITERAL_NULL_CONVERSION = YES;
				CLANG_WARN_OBJC_IMPLICIT_RETAIN_SELF = YES;
				CLANG_WARN_OBJC_LITERAL_CONVERSION = YES;
				CLANG_WARN_OBJC_ROOT_CLASS = YES_ERROR;
				CLANG_WARN_QUOTED_INCLUDE_IN_FRAMEWORK_HEADER = YES;
				CLANG_WARN_RANGE_LOOP_ANALYSIS = YES;
				CLANG_WARN_STRICT_PROTOTYPES = YES;
				CLANG_WARN_SUSPICIOUS_MOVE = YES;
				CLANG_WARN_UNGUARDED_AVAILABILITY = YES_AGGRESSIVE;
				CLANG_WARN_UNREACHABLE_CODE = YES;
				CLANG_WARN__DUPLICATE_METHOD_MATCH = YES;
				CODE_SIGN_ENTITLEMENTS = Apps/Workflows/Workflows.entitlements;
				CODE_SIGN_STYLE = Automatic;
				COMBINE_HIDPI_IMAGES = YES;
				COPY_PHASE_STRIP = NO;
				CURRENT_PROJECT_VERSION = 1;
				DEBUG_INFORMATION_FORMAT = dwarf;
				ENABLE_PREVIEWS = YES;
				ENABLE_STRICT_OBJC_MSGSEND = YES;
				ENABLE_TESTABILITY = YES;
				ENABLE_USER_SCRIPT_SANDBOXING = YES;
				GCC_C_LANGUAGE_STANDARD = gnu17;
				GCC_DYNAMIC_NO_PIC = NO;
				GCC_NO_COMMON_BLOCKS = YES;
				GCC_OPTIMIZATION_LEVEL = 0;
				GCC_PREPROCESSOR_DEFINITIONS = (
					"DEBUG=1",
					"$(inherited)",
				);
				GCC_WARN_64_TO_32_BIT_CONVERSION = YES;
				GCC_WARN_ABOUT_RETURN_TYPE = YES_ERROR;
				GCC_WARN_UNDECLARED_SELECTOR = YES;
				GCC_WARN_UNINITIALIZED_AUTOS = YES_AGGRESSIVE;
				GCC_WARN_UNUSED_FUNCTION = YES;
				GCC_WARN_UNUSED_VARIABLE = YES;
				GENERATE_INFOPLIST_FILE = YES;
				INFOPLIST_KEY_NSHumanReadableCopyright = "";
				LD_RUNPATH_SEARCH_PATHS = (
					"$(inherited)",
					"@executable_path/../Frameworks",
				);
				LOCALIZATION_PREFERS_STRING_CATALOGS = YES;
				MACOSX_DEPLOYMENT_TARGET = 13.5;
				MARKETING_VERSION = 1.0;
				MTL_ENABLE_DEBUG_INFO = INCLUDE_SOURCE;
				MTL_FAST_MATH = YES;
				ONLY_ACTIVE_ARCH = YES;
				PRODUCT_BUNDLE_IDENTIFIER = me.shedward.workflows.Workflows;
				PRODUCT_NAME = "$(TARGET_NAME)";
				SDKROOT = macosx;
				SWIFT_ACTIVE_COMPILATION_CONDITIONS = "DEBUG $(inherited)";
				SWIFT_EMIT_LOC_STRINGS = YES;
				SWIFT_OPTIMIZATION_LEVEL = "-Onone";
				SWIFT_VERSION = 5.0;
			};
			name = Debug;
		};
		E133ECA52AA4BFF4003059F5 /* Release */ = {
			isa = XCBuildConfiguration;
			buildSettings = {
				ALWAYS_SEARCH_USER_PATHS = NO;
				ASSETCATALOG_COMPILER_APPICON_NAME = AppIcon;
				ASSETCATALOG_COMPILER_GENERATE_SWIFT_ASSET_SYMBOL_EXTENSIONS = YES;
				ASSETCATALOG_COMPILER_GLOBAL_ACCENT_COLOR_NAME = AccentColor;
				CLANG_ANALYZER_NONNULL = YES;
				CLANG_ANALYZER_NUMBER_OBJECT_CONVERSION = YES_AGGRESSIVE;
				CLANG_CXX_LANGUAGE_STANDARD = "gnu++20";
				CLANG_ENABLE_MODULES = YES;
				CLANG_ENABLE_OBJC_ARC = YES;
				CLANG_ENABLE_OBJC_WEAK = YES;
				CLANG_WARN_BLOCK_CAPTURE_AUTORELEASING = YES;
				CLANG_WARN_BOOL_CONVERSION = YES;
				CLANG_WARN_COMMA = YES;
				CLANG_WARN_CONSTANT_CONVERSION = YES;
				CLANG_WARN_DEPRECATED_OBJC_IMPLEMENTATIONS = YES;
				CLANG_WARN_DIRECT_OBJC_ISA_USAGE = YES_ERROR;
				CLANG_WARN_DOCUMENTATION_COMMENTS = YES;
				CLANG_WARN_EMPTY_BODY = YES;
				CLANG_WARN_ENUM_CONVERSION = YES;
				CLANG_WARN_INFINITE_RECURSION = YES;
				CLANG_WARN_INT_CONVERSION = YES;
				CLANG_WARN_NON_LITERAL_NULL_CONVERSION = YES;
				CLANG_WARN_OBJC_IMPLICIT_RETAIN_SELF = YES;
				CLANG_WARN_OBJC_LITERAL_CONVERSION = YES;
				CLANG_WARN_OBJC_ROOT_CLASS = YES_ERROR;
				CLANG_WARN_QUOTED_INCLUDE_IN_FRAMEWORK_HEADER = YES;
				CLANG_WARN_RANGE_LOOP_ANALYSIS = YES;
				CLANG_WARN_STRICT_PROTOTYPES = YES;
				CLANG_WARN_SUSPICIOUS_MOVE = YES;
				CLANG_WARN_UNGUARDED_AVAILABILITY = YES_AGGRESSIVE;
				CLANG_WARN_UNREACHABLE_CODE = YES;
				CLANG_WARN__DUPLICATE_METHOD_MATCH = YES;
				CODE_SIGN_ENTITLEMENTS = Apps/Workflows/Workflows.entitlements;
				CODE_SIGN_STYLE = Automatic;
				COMBINE_HIDPI_IMAGES = YES;
				COPY_PHASE_STRIP = NO;
				CURRENT_PROJECT_VERSION = 1;
				DEBUG_INFORMATION_FORMAT = "dwarf-with-dsym";
				ENABLE_NS_ASSERTIONS = NO;
				ENABLE_PREVIEWS = YES;
				ENABLE_STRICT_OBJC_MSGSEND = YES;
				ENABLE_USER_SCRIPT_SANDBOXING = YES;
				GCC_C_LANGUAGE_STANDARD = gnu17;
				GCC_NO_COMMON_BLOCKS = YES;
				GCC_WARN_64_TO_32_BIT_CONVERSION = YES;
				GCC_WARN_ABOUT_RETURN_TYPE = YES_ERROR;
				GCC_WARN_UNDECLARED_SELECTOR = YES;
				GCC_WARN_UNINITIALIZED_AUTOS = YES_AGGRESSIVE;
				GCC_WARN_UNUSED_FUNCTION = YES;
				GCC_WARN_UNUSED_VARIABLE = YES;
				GENERATE_INFOPLIST_FILE = YES;
				INFOPLIST_KEY_NSHumanReadableCopyright = "";
				LD_RUNPATH_SEARCH_PATHS = (
					"$(inherited)",
					"@executable_path/../Frameworks",
				);
				LOCALIZATION_PREFERS_STRING_CATALOGS = YES;
				MACOSX_DEPLOYMENT_TARGET = 13.5;
				MARKETING_VERSION = 1.0;
				MTL_ENABLE_DEBUG_INFO = NO;
				MTL_FAST_MATH = YES;
				PRODUCT_BUNDLE_IDENTIFIER = me.shedward.workflows.Workflows;
				PRODUCT_NAME = "$(TARGET_NAME)";
				SDKROOT = macosx;
				SWIFT_COMPILATION_MODE = wholemodule;
				SWIFT_EMIT_LOC_STRINGS = YES;
				SWIFT_VERSION = 5.0;
			};
			name = Release;
		};
		E1B9C78F2A8AB67500CA22DF /* Debug */ = {
			isa = XCBuildConfiguration;
			buildSettings = {
				ALWAYS_SEARCH_USER_PATHS = NO;
				ASSETCATALOG_COMPILER_APPICON_NAME = AppIcon;
				ASSETCATALOG_COMPILER_GENERATE_SWIFT_ASSET_SYMBOL_EXTENSIONS = YES;
				ASSETCATALOG_COMPILER_GLOBAL_ACCENT_COLOR_NAME = AccentColor;
				CLANG_ANALYZER_NONNULL = YES;
				CLANG_ANALYZER_NUMBER_OBJECT_CONVERSION = YES_AGGRESSIVE;
				CLANG_CXX_LANGUAGE_STANDARD = "gnu++20";
				CLANG_ENABLE_MODULES = YES;
				CLANG_ENABLE_OBJC_ARC = YES;
				CLANG_ENABLE_OBJC_WEAK = YES;
				CLANG_WARN_BLOCK_CAPTURE_AUTORELEASING = YES;
				CLANG_WARN_BOOL_CONVERSION = YES;
				CLANG_WARN_COMMA = YES;
				CLANG_WARN_CONSTANT_CONVERSION = YES;
				CLANG_WARN_DEPRECATED_OBJC_IMPLEMENTATIONS = YES;
				CLANG_WARN_DIRECT_OBJC_ISA_USAGE = YES_ERROR;
				CLANG_WARN_DOCUMENTATION_COMMENTS = YES;
				CLANG_WARN_EMPTY_BODY = YES;
				CLANG_WARN_ENUM_CONVERSION = YES;
				CLANG_WARN_INFINITE_RECURSION = YES;
				CLANG_WARN_INT_CONVERSION = YES;
				CLANG_WARN_NON_LITERAL_NULL_CONVERSION = YES;
				CLANG_WARN_OBJC_IMPLICIT_RETAIN_SELF = YES;
				CLANG_WARN_OBJC_LITERAL_CONVERSION = YES;
				CLANG_WARN_OBJC_ROOT_CLASS = YES_ERROR;
				CLANG_WARN_QUOTED_INCLUDE_IN_FRAMEWORK_HEADER = YES;
				CLANG_WARN_RANGE_LOOP_ANALYSIS = YES;
				CLANG_WARN_STRICT_PROTOTYPES = YES;
				CLANG_WARN_SUSPICIOUS_MOVE = YES;
				CLANG_WARN_UNGUARDED_AVAILABILITY = YES_AGGRESSIVE;
				CLANG_WARN_UNREACHABLE_CODE = YES;
				CLANG_WARN__DUPLICATE_METHOD_MATCH = YES;
				CODE_SIGN_ENTITLEMENTS = Apps/OAuthHelper/OAuthHelper.entitlements;
				CODE_SIGN_STYLE = Automatic;
				COMBINE_HIDPI_IMAGES = YES;
				COPY_PHASE_STRIP = NO;
				CURRENT_PROJECT_VERSION = 1;
				DEBUG_INFORMATION_FORMAT = dwarf;
				DEVELOPMENT_ASSET_PATHS = "";
				ENABLE_PREVIEWS = YES;
				ENABLE_STRICT_OBJC_MSGSEND = YES;
				ENABLE_TESTABILITY = YES;
				ENABLE_USER_SCRIPT_SANDBOXING = YES;
				GCC_C_LANGUAGE_STANDARD = gnu17;
				GCC_DYNAMIC_NO_PIC = NO;
				GCC_NO_COMMON_BLOCKS = YES;
				GCC_OPTIMIZATION_LEVEL = 0;
				GCC_PREPROCESSOR_DEFINITIONS = (
					"DEBUG=1",
					"$(inherited)",
				);
				GCC_WARN_64_TO_32_BIT_CONVERSION = YES;
				GCC_WARN_ABOUT_RETURN_TYPE = YES_ERROR;
				GCC_WARN_UNDECLARED_SELECTOR = YES;
				GCC_WARN_UNINITIALIZED_AUTOS = YES_AGGRESSIVE;
				GCC_WARN_UNUSED_FUNCTION = YES;
				GCC_WARN_UNUSED_VARIABLE = YES;
				GENERATE_INFOPLIST_FILE = YES;
				INFOPLIST_FILE = "Apps/OAuthHelper/OAuthHelper-Info.plist";
				INFOPLIST_KEY_NSHumanReadableCopyright = "";
				LD_RUNPATH_SEARCH_PATHS = (
					"$(inherited)",
					"@executable_path/../Frameworks",
				);
				LOCALIZATION_PREFERS_STRING_CATALOGS = YES;
				MACOSX_DEPLOYMENT_TARGET = 13.4;
				MARKETING_VERSION = 1.0;
				MTL_ENABLE_DEBUG_INFO = INCLUDE_SOURCE;
				MTL_FAST_MATH = YES;
				ONLY_ACTIVE_ARCH = YES;
				PRODUCT_BUNDLE_IDENTIFIER = me.workflows.OAuthHelper;
				PRODUCT_NAME = "$(TARGET_NAME)";
				SDKROOT = macosx;
				SWIFT_ACTIVE_COMPILATION_CONDITIONS = "DEBUG $(inherited)";
				SWIFT_EMIT_LOC_STRINGS = YES;
				SWIFT_OPTIMIZATION_LEVEL = "-Onone";
				SWIFT_VERSION = 5.0;
			};
			name = Debug;
		};
		E1B9C7902A8AB67500CA22DF /* Release */ = {
			isa = XCBuildConfiguration;
			buildSettings = {
				ALWAYS_SEARCH_USER_PATHS = NO;
				ASSETCATALOG_COMPILER_APPICON_NAME = AppIcon;
				ASSETCATALOG_COMPILER_GENERATE_SWIFT_ASSET_SYMBOL_EXTENSIONS = YES;
				ASSETCATALOG_COMPILER_GLOBAL_ACCENT_COLOR_NAME = AccentColor;
				CLANG_ANALYZER_NONNULL = YES;
				CLANG_ANALYZER_NUMBER_OBJECT_CONVERSION = YES_AGGRESSIVE;
				CLANG_CXX_LANGUAGE_STANDARD = "gnu++20";
				CLANG_ENABLE_MODULES = YES;
				CLANG_ENABLE_OBJC_ARC = YES;
				CLANG_ENABLE_OBJC_WEAK = YES;
				CLANG_WARN_BLOCK_CAPTURE_AUTORELEASING = YES;
				CLANG_WARN_BOOL_CONVERSION = YES;
				CLANG_WARN_COMMA = YES;
				CLANG_WARN_CONSTANT_CONVERSION = YES;
				CLANG_WARN_DEPRECATED_OBJC_IMPLEMENTATIONS = YES;
				CLANG_WARN_DIRECT_OBJC_ISA_USAGE = YES_ERROR;
				CLANG_WARN_DOCUMENTATION_COMMENTS = YES;
				CLANG_WARN_EMPTY_BODY = YES;
				CLANG_WARN_ENUM_CONVERSION = YES;
				CLANG_WARN_INFINITE_RECURSION = YES;
				CLANG_WARN_INT_CONVERSION = YES;
				CLANG_WARN_NON_LITERAL_NULL_CONVERSION = YES;
				CLANG_WARN_OBJC_IMPLICIT_RETAIN_SELF = YES;
				CLANG_WARN_OBJC_LITERAL_CONVERSION = YES;
				CLANG_WARN_OBJC_ROOT_CLASS = YES_ERROR;
				CLANG_WARN_QUOTED_INCLUDE_IN_FRAMEWORK_HEADER = YES;
				CLANG_WARN_RANGE_LOOP_ANALYSIS = YES;
				CLANG_WARN_STRICT_PROTOTYPES = YES;
				CLANG_WARN_SUSPICIOUS_MOVE = YES;
				CLANG_WARN_UNGUARDED_AVAILABILITY = YES_AGGRESSIVE;
				CLANG_WARN_UNREACHABLE_CODE = YES;
				CLANG_WARN__DUPLICATE_METHOD_MATCH = YES;
				CODE_SIGN_ENTITLEMENTS = Apps/OAuthHelper/OAuthHelper.entitlements;
				CODE_SIGN_STYLE = Automatic;
				COMBINE_HIDPI_IMAGES = YES;
				COPY_PHASE_STRIP = NO;
				CURRENT_PROJECT_VERSION = 1;
				DEBUG_INFORMATION_FORMAT = "dwarf-with-dsym";
				DEVELOPMENT_ASSET_PATHS = "";
				ENABLE_NS_ASSERTIONS = NO;
				ENABLE_PREVIEWS = YES;
				ENABLE_STRICT_OBJC_MSGSEND = YES;
				ENABLE_USER_SCRIPT_SANDBOXING = YES;
				GCC_C_LANGUAGE_STANDARD = gnu17;
				GCC_NO_COMMON_BLOCKS = YES;
				GCC_WARN_64_TO_32_BIT_CONVERSION = YES;
				GCC_WARN_ABOUT_RETURN_TYPE = YES_ERROR;
				GCC_WARN_UNDECLARED_SELECTOR = YES;
				GCC_WARN_UNINITIALIZED_AUTOS = YES_AGGRESSIVE;
				GCC_WARN_UNUSED_FUNCTION = YES;
				GCC_WARN_UNUSED_VARIABLE = YES;
				GENERATE_INFOPLIST_FILE = YES;
				INFOPLIST_FILE = "Apps/OAuthHelper/OAuthHelper-Info.plist";
				INFOPLIST_KEY_NSHumanReadableCopyright = "";
				LD_RUNPATH_SEARCH_PATHS = (
					"$(inherited)",
					"@executable_path/../Frameworks",
				);
				LOCALIZATION_PREFERS_STRING_CATALOGS = YES;
				MACOSX_DEPLOYMENT_TARGET = 13.4;
				MARKETING_VERSION = 1.0;
				MTL_ENABLE_DEBUG_INFO = NO;
				MTL_FAST_MATH = YES;
				PRODUCT_BUNDLE_IDENTIFIER = me.workflows.OAuthHelper;
				PRODUCT_NAME = "$(TARGET_NAME)";
				SDKROOT = macosx;
				SWIFT_COMPILATION_MODE = wholemodule;
				SWIFT_EMIT_LOC_STRINGS = YES;
				SWIFT_VERSION = 5.0;
			};
			name = Release;
		};
/* End XCBuildConfiguration section */

/* Begin XCConfigurationList section */
		63F0EE672A6B1AD80010CBAE /* Build configuration list for PBXProject "Workflows" */ = {
			isa = XCConfigurationList;
			buildConfigurations = (
				63F0EE682A6B1AD80010CBAE /* Debug */,
				63F0EE692A6B1AD80010CBAE /* Release */,
			);
			defaultConfigurationIsVisible = 0;
			defaultConfigurationName = Release;
		};
		E133ECA32AA4BFF4003059F5 /* Build configuration list for PBXNativeTarget "Workflows" */ = {
			isa = XCConfigurationList;
			buildConfigurations = (
				E133ECA42AA4BFF4003059F5 /* Debug */,
				E133ECA52AA4BFF4003059F5 /* Release */,
			);
			defaultConfigurationIsVisible = 0;
			defaultConfigurationName = Release;
		};
		E1B9C78E2A8AB67500CA22DF /* Build configuration list for PBXNativeTarget "OAuthHelper" */ = {
			isa = XCConfigurationList;
			buildConfigurations = (
				E1B9C78F2A8AB67500CA22DF /* Debug */,
				E1B9C7902A8AB67500CA22DF /* Release */,
			);
			defaultConfigurationIsVisible = 0;
			defaultConfigurationName = Release;
		};
/* End XCConfigurationList section */

/* Begin XCSwiftPackageProductDependency section */
		E133ECA92AA4C6AE003059F5 /* WorkflowsApp */ = {
			isa = XCSwiftPackageProductDependency;
			productName = WorkflowsApp;
		};
		E1B9C7982A8AB9C300CA22DF /* OAuthHelperApp */ = {
			isa = XCSwiftPackageProductDependency;
			productName = OAuthHelperApp;
		};
/* End XCSwiftPackageProductDependency section */
	};
	rootObject = 63F0EE642A6B1AD80010CBAE /* Project object */;
}
